
Microsoft Visual Studio Solution File, Format Version 12.00
# Visual Studio Version 16
VisualStudioVersion = 25.0.1705.3
MinimumVisualStudioVersion = 10.0.40219.1
Project("{FAE04EC0-301F-11D3-BF4B-00C04F79EFBC}") = "EnhancedReactionController", "EnhancedReactionController.csproj", "{D1B33B55-6E9C-40C2-B9D7-FE8C8932AF08}"
EndProject
Global
	GlobalSection(SolutionConfigurationPlatforms) = preSolution
		Debug|Any CPU = Debug|Any CPU
		Release|Any CPU = Release|Any CPU
	EndGlobalSection
	GlobalSection(ProjectConfigurationPlatforms) = postSolution
		{D1B33B55-6E9C-40C2-B9D7-FE8C8932AF08}.Debug|Any CPU.ActiveCfg = Debug|Any CPU
		{D1B33B55-6E9C-40C2-B9D7-FE8C8932AF08}.Debug|Any CPU.Build.0 = Debug|Any CPU
		{D1B33B55-6E9C-40C2-B9D7-FE8C8932AF08}.Release|Any CPU.ActiveCfg = Release|Any CPU
		{D1B33B55-6E9C-40C2-B9D7-FE8C8932AF08}.Release|Any CPU.Build.0 = Release|Any CPU
	EndGlobalSection
	GlobalSection(SolutionProperties) = preSolution
		HideSolutionNode = FALSE
	EndGlobalSection
	GlobalSection(ExtensibilityGlobals) = postSolution
		SolutionGuid = {19445023-9246-4DE8-97C6-BB5AD877DCFA}
	EndGlobalSection
EndGlobal
